
Microsoft Visual Studio Solution File, Format Version 12.00
# Visual Studio Version 16
VisualStudioVersion = 16.0.808.8
MinimumVisualStudioVersion = 10.0.40219.1
Project("{FAE04EC0-301F-11D3-BF4B-00C04F79EFBC}") = "MvxFormsIosViewPresenterIssue.Android", "MvxFormsIosViewPresenterIssue.Android\MvxFormsIosViewPresenterIssue.Android.csproj", "{3813E477-F03F-4149-8B6A-D4072F5B53F5}"
EndProject
Project("{FAE04EC0-301F-11D3-BF4B-00C04F79EFBC}") = "MvxFormsIosViewPresenterIssue.iOS", "MvxFormsIosViewPresenterIssue.iOS\MvxFormsIosViewPresenterIssue.iOS.csproj", "{173E13EF-0375-4315-96D6-D17CA4F5A8E1}"
EndProject
Project("{FAE04EC0-301F-11D3-BF4B-00C04F79EFBC}") = "MvxFormsIosViewPresenterIssue", "MvxFormsIosViewPresenterIssue\MvxFormsIosViewPresenterIssue.csproj", "{DDDB3FA6-ED0A-4DC7-9F2B-5C439A04EEF6}"
EndProject
Project("{FAE04EC0-301F-11D3-BF4B-00C04F79EFBC}") = "MvxFormsIosViewPresenterIssue.Core", "MvxFormsIosViewPresenterIssue.Core\MvxFormsIosViewPresenterIssue.Core.csproj", "{34D7E6F2-15ED-4D67-A36D-E4BFB28E5574}"
EndProject
Global
	GlobalSection(SolutionConfigurationPlatforms) = preSolution
		Debug|Any CPU = Debug|Any CPU
		Release|Any CPU = Release|Any CPU
		Debug|iPhoneSimulator = Debug|iPhoneSimulator
		Release|iPhoneSimulator = Release|iPhoneSimulator
		Debug|iPhone = Debug|iPhone
		Release|iPhone = Release|iPhone
	EndGlobalSection
	GlobalSection(ProjectConfigurationPlatforms) = postSolution
		{3813E477-F03F-4149-8B6A-D4072F5B53F5}.Debug|Any CPU.ActiveCfg = Debug|Any CPU
		{3813E477-F03F-4149-8B6A-D4072F5B53F5}.Debug|Any CPU.Build.0 = Debug|Any CPU
		{3813E477-F03F-4149-8B6A-D4072F5B53F5}.Release|Any CPU.ActiveCfg = Release|Any CPU
		{3813E477-F03F-4149-8B6A-D4072F5B53F5}.Release|Any CPU.Build.0 = Release|Any CPU
		{3813E477-F03F-4149-8B6A-D4072F5B53F5}.Debug|iPhoneSimulator.ActiveCfg = Debug|Any CPU
		{3813E477-F03F-4149-8B6A-D4072F5B53F5}.Debug|iPhoneSimulator.Build.0 = Debug|Any CPU
		{3813E477-F03F-4149-8B6A-D4072F5B53F5}.Release|iPhoneSimulator.ActiveCfg = Release|Any CPU
		{3813E477-F03F-4149-8B6A-D4072F5B53F5}.Release|iPhoneSimulator.Build.0 = Release|Any CPU
		{3813E477-F03F-4149-8B6A-D4072F5B53F5}.Debug|iPhone.ActiveCfg = Debug|Any CPU
		{3813E477-F03F-4149-8B6A-D4072F5B53F5}.Debug|iPhone.Build.0 = Debug|Any CPU
		{3813E477-F03F-4149-8B6A-D4072F5B53F5}.Release|iPhone.ActiveCfg = Release|Any CPU
		{3813E477-F03F-4149-8B6A-D4072F5B53F5}.Release|iPhone.Build.0 = Release|Any CPU
		{173E13EF-0375-4315-96D6-D17CA4F5A8E1}.Debug|Any CPU.ActiveCfg = Debug|iPhoneSimulator
		{173E13EF-0375-4315-96D6-D17CA4F5A8E1}.Debug|Any CPU.Build.0 = Debug|iPhoneSimulator
		{173E13EF-0375-4315-96D6-D17CA4F5A8E1}.Release|Any CPU.ActiveCfg = Release|iPhoneSimulator
		{173E13EF-0375-4315-96D6-D17CA4F5A8E1}.Release|Any CPU.Build.0 = Release|iPhoneSimulator
		{173E13EF-0375-4315-96D6-D17CA4F5A8E1}.Debug|iPhoneSimulator.ActiveCfg = Debug|iPhoneSimulator
		{173E13EF-0375-4315-96D6-D17CA4F5A8E1}.Debug|iPhoneSimulator.Build.0 = Debug|iPhoneSimulator
		{173E13EF-0375-4315-96D6-D17CA4F5A8E1}.Release|iPhoneSimulator.ActiveCfg = Release|iPhoneSimulator
		{173E13EF-0375-4315-96D6-D17CA4F5A8E1}.Release|iPhoneSimulator.Build.0 = Release|iPhoneSimulator
		{173E13EF-0375-4315-96D6-D17CA4F5A8E1}.Debug|iPhone.ActiveCfg = Debug|iPhone
		{173E13EF-0375-4315-96D6-D17CA4F5A8E1}.Debug|iPhone.Build.0 = Debug|iPhone
		{173E13EF-0375-4315-96D6-D17CA4F5A8E1}.Release|iPhone.ActiveCfg = Release|iPhone
		{173E13EF-0375-4315-96D6-D17CA4F5A8E1}.Release|iPhone.Build.0 = Release|iPhone
		{DDDB3FA6-ED0A-4DC7-9F2B-5C439A04EEF6}.Debug|Any CPU.ActiveCfg = Debug|Any CPU
		{DDDB3FA6-ED0A-4DC7-9F2B-5C439A04EEF6}.Debug|Any CPU.Build.0 = Debug|Any CPU
		{DDDB3FA6-ED0A-4DC7-9F2B-5C439A04EEF6}.Release|Any CPU.ActiveCfg = Release|Any CPU
		{DDDB3FA6-ED0A-4DC7-9F2B-5C439A04EEF6}.Release|Any CPU.Build.0 = Release|Any CPU
		{DDDB3FA6-ED0A-4DC7-9F2B-5C439A04EEF6}.Debug|iPhoneSimulator.ActiveCfg = Debug|Any CPU
		{DDDB3FA6-ED0A-4DC7-9F2B-5C439A04EEF6}.Debug|iPhoneSimulator.Build.0 = Debug|Any CPU
		{DDDB3FA6-ED0A-4DC7-9F2B-5C439A04EEF6}.Release|iPhoneSimulator.ActiveCfg = Release|Any CPU
		{DDDB3FA6-ED0A-4DC7-9F2B-5C439A04EEF6}.Release|iPhoneSimulator.Build.0 = Release|Any CPU
		{DDDB3FA6-ED0A-4DC7-9F2B-5C439A04EEF6}.Debug|iPhone.ActiveCfg = Debug|Any CPU
		{DDDB3FA6-ED0A-4DC7-9F2B-5C439A04EEF6}.Debug|iPhone.Build.0 = Debug|Any CPU
		{DDDB3FA6-ED0A-4DC7-9F2B-5C439A04EEF6}.Release|iPhone.ActiveCfg = Release|Any CPU
		{DDDB3FA6-ED0A-4DC7-9F2B-5C439A04EEF6}.Release|iPhone.Build.0 = Release|Any CPU
		{34D7E6F2-15ED-4D67-A36D-E4BFB28E5574}.Debug|Any CPU.ActiveCfg = Debug|Any CPU
		{34D7E6F2-15ED-4D67-A36D-E4BFB28E5574}.Debug|Any CPU.Build.0 = Debug|Any CPU
		{34D7E6F2-15ED-4D67-A36D-E4BFB28E5574}.Release|Any CPU.ActiveCfg = Release|Any CPU
		{34D7E6F2-15ED-4D67-A36D-E4BFB28E5574}.Release|Any CPU.Build.0 = Release|Any CPU
		{34D7E6F2-15ED-4D67-A36D-E4BFB28E5574}.Debug|iPhoneSimulator.ActiveCfg = Debug|Any CPU
		{34D7E6F2-15ED-4D67-A36D-E4BFB28E5574}.Debug|iPhoneSimulator.Build.0 = Debug|Any CPU
		{34D7E6F2-15ED-4D67-A36D-E4BFB28E5574}.Release|iPhoneSimulator.ActiveCfg = Release|Any CPU
		{34D7E6F2-15ED-4D67-A36D-E4BFB28E5574}.Release|iPhoneSimulator.Build.0 = Release|Any CPU
		{34D7E6F2-15ED-4D67-A36D-E4BFB28E5574}.Debug|iPhone.ActiveCfg = Debug|Any CPU
		{34D7E6F2-15ED-4D67-A36D-E4BFB28E5574}.Debug|iPhone.Build.0 = Debug|Any CPU
		{34D7E6F2-15ED-4D67-A36D-E4BFB28E5574}.Release|iPhone.ActiveCfg = Release|Any CPU
		{34D7E6F2-15ED-4D67-A36D-E4BFB28E5574}.Release|iPhone.Build.0 = Release|Any CPU
	EndGlobalSection
	GlobalSection(SolutionProperties) = preSolution
		HideSolutionNode = FALSE
	EndGlobalSection
	GlobalSection(ExtensibilityGlobals) = postSolution
		SolutionGuid = {18E012BF-B3C2-44EE-BB69-F594EE7A9305}
	EndGlobalSection
EndGlobal
